
Microsoft Visual Studio Solution File, Format Version 12.00
# Visual Studio Version 17
VisualStudioVersion = 17.0.31919.166
MinimumVisualStudioVersion = 10.0.40219.1
Project("{FAE04EC0-301F-11D3-BF4B-00C04F79EFBC}") = "Publisher", "Publisher\Publisher.csproj", "{530EB7C3-D1FB-421A-8B41-BA9B869CE49F}"
EndProject
Project("{FAE04EC0-301F-11D3-BF4B-00C04F79EFBC}") = "Subscriber", "Subscriber\Subscriber.csproj", "{7B2D8A6F-6F00-487B-82A9-7FB740A22C61}"
EndProject
Project("{FAE04EC0-301F-11D3-BF4B-00C04F79EFBC}") = "Subscriber.State", "Subscriber.State\Subscriber.State.csproj", "{65A9CE4D-90BB-488D-9E98-1CA472B653A1}"
EndProject
Global
	GlobalSection(SolutionConfigurationPlatforms) = preSolution
		Debug|Any CPU = Debug|Any CPU
		Release|Any CPU = Release|Any CPU
	EndGlobalSection
	GlobalSection(ProjectConfigurationPlatforms) = postSolution
		{530EB7C3-D1FB-421A-8B41-BA9B869CE49F}.Debug|Any CPU.ActiveCfg = Debug|Any CPU
		{530EB7C3-D1FB-421A-8B41-BA9B869CE49F}.Debug|Any CPU.Build.0 = Debug|Any CPU
		{530EB7C3-D1FB-421A-8B41-BA9B869CE49F}.Release|Any CPU.ActiveCfg = Release|Any CPU
		{530EB7C3-D1FB-421A-8B41-BA9B869CE49F}.Release|Any CPU.Build.0 = Release|Any CPU
		{7B2D8A6F-6F00-487B-82A9-7FB740A22C61}.Debug|Any CPU.ActiveCfg = Debug|Any CPU
		{7B2D8A6F-6F00-487B-82A9-7FB740A22C61}.Debug|Any CPU.Build.0 = Debug|Any CPU
		{7B2D8A6F-6F00-487B-82A9-7FB740A22C61}.Release|Any CPU.ActiveCfg = Release|Any CPU
		{7B2D8A6F-6F00-487B-82A9-7FB740A22C61}.Release|Any CPU.Build.0 = Release|Any CPU
		{65A9CE4D-90BB-488D-9E98-1CA472B653A1}.Debug|Any CPU.ActiveCfg = Debug|Any CPU
		{65A9CE4D-90BB-488D-9E98-1CA472B653A1}.Debug|Any CPU.Build.0 = Debug|Any CPU
		{65A9CE4D-90BB-488D-9E98-1CA472B653A1}.Release|Any CPU.ActiveCfg = Release|Any CPU
		{65A9CE4D-90BB-488D-9E98-1CA472B653A1}.Release|Any CPU.Build.0 = Release|Any CPU
	EndGlobalSection
	GlobalSection(SolutionProperties) = preSolution
		HideSolutionNode = FALSE
	EndGlobalSection
	GlobalSection(ExtensibilityGlobals) = postSolution
		SolutionGuid = {2574A25C-52C3-4D0F-96D0-1F31E2C41EF4}
	EndGlobalSection
EndGlobal
